### YamlMime:ManagedReference
items:
- uid: Microsoft.JScript.Block
  id: Block
  children: []
  langs:
  - csharp
  name: Block
  nameWithType: Block
  fullName: Microsoft.JScript.Block
  type: Class
  summary: "Represents a block in JScript. This class is used mainly by the <xref href=&quot;Microsoft.JScript.JSParser&quot;></xref> to create Block objects when it parses code. This class belongs to the abstract syntax tree category."
  syntax:
    content: 'public sealed class Block : Microsoft.JScript.AST'
  inheritance:
  - System.Object
  - Microsoft.JScript.AST
  implements: []
  inheritedMembers: []
  platform:
  - net462
references:
- uid: Microsoft.JScript.AST
  isExternal: false
  name: Microsoft.JScript.AST
