### YamlMime:ManagedReference
items:
- uid: Microsoft.VisualBasic.Devices.Clock
  id: Clock
  children:
  - Microsoft.VisualBasic.Devices.Clock.#ctor
  - Microsoft.VisualBasic.Devices.Clock.GmtTime
  - Microsoft.VisualBasic.Devices.Clock.LocalTime
  - Microsoft.VisualBasic.Devices.Clock.TickCount
  langs:
  - csharp
  name: Clock
  nameWithType: Clock
  fullName: Microsoft.VisualBasic.Devices.Clock
  type: Class
  summary: "Provides properties for accessing the current local time and Universal Coordinated Time (equivalent to Greenwich Mean Time) from the system clock."
  remarks: "The `My.Computer.Clock` object provides properties to find the current local time for the computer and the UTC time. It also exposes the millisecond count from the computer&quot;s system timer."
  example:
  - "This example uses the `My.Computer.Clock.LocalTime` property to display the local time of the computer on which the code runs.  \n  \n [!code-vb[VbVbalrMyComputer#21](~/add/codesnippet/visualbasic/VbVbalrMyComputer/Class1.vb#21)]"
  syntax:
    content: public class Clock
  inheritance:
  - System.Object
  implements: []
  inheritedMembers: []
  platform:
  - net462
- uid: Microsoft.VisualBasic.Devices.Clock.#ctor
  id: '#ctor'
  parent: Microsoft.VisualBasic.Devices.Clock
  langs:
  - csharp
  name: Clock()
  nameWithType: Clock.Clock()
  fullName: Microsoft.VisualBasic.Devices.Clock.Clock()
  type: Constructor
  assemblies:
  - Microsoft.VisualBasic
  namespace: Microsoft.VisualBasic.Devices
  summary: "Initializes a new instance of the <xref href=&quot;Microsoft.VisualBasic.Devices.Clock&quot;></xref> class."
  syntax:
    content: public Clock ();
    parameters: []
  overload: Microsoft.VisualBasic.Devices.Clock.#ctor*
  exceptions: []
  platform:
  - net462
- uid: Microsoft.VisualBasic.Devices.Clock.GmtTime
  id: GmtTime
  parent: Microsoft.VisualBasic.Devices.Clock
  langs:
  - csharp
  name: GmtTime
  nameWithType: Clock.GmtTime
  fullName: Microsoft.VisualBasic.Devices.Clock.GmtTime
  type: Property
  assemblies:
  - Microsoft.VisualBasic
  namespace: Microsoft.VisualBasic.Devices
  summary: "Gets a <xref uid=&quot;langword_csharp_Date&quot; name=&quot;Date&quot; href=&quot;&quot;></xref> object that contains the current local date and time on the computer, expressed as a UTC (GMT) time."
  remarks: "The `My.Computer.Clock.GmtTime` property has the same behavior as the <xref:System.DateTime.UtcNow%2A?displayProperty=fullName> property.      ## Availability by Project Type      |||   |-|-|   |Project type|Available|   |Windows Application|**Yes**|   |Class Library|**Yes**|   |Console Application|**Yes**|   |Windows Control Library|**Yes**|   |Web Control Library|**Yes**|   |Windows Service|**Yes**|   |Web Site|**Yes**|"
  example:
  - "This example uses the `My.Computer.Clock.GmtTime` property to display the GMT time of the computer on which the code runs.  \n  \n [!code-vb[VbVbalrMyComputer#22](~/add/codesnippet/visualbasic/VbVbalrMyComputer/Class1.vb#22)]"
  syntax:
    content: public DateTime GmtTime { get; }
    return:
      type: System.DateTime
      description: "A <xref uid=&quot;langword_csharp_Date&quot; name=&quot;Date&quot; href=&quot;&quot;></xref> object that contains the current date and time expressed as UTC (GMT) time."
  overload: Microsoft.VisualBasic.Devices.Clock.GmtTime*
  exceptions: []
  platform:
  - net462
- uid: Microsoft.VisualBasic.Devices.Clock.LocalTime
  id: LocalTime
  parent: Microsoft.VisualBasic.Devices.Clock
  langs:
  - csharp
  name: LocalTime
  nameWithType: Clock.LocalTime
  fullName: Microsoft.VisualBasic.Devices.Clock.LocalTime
  type: Property
  assemblies:
  - Microsoft.VisualBasic
  namespace: Microsoft.VisualBasic.Devices
  summary: "Gets a <xref uid=&quot;langword_csharp_Date&quot; name=&quot;Date&quot; href=&quot;&quot;></xref> object that contains the current local date and time on this computer."
  remarks: "The `My.Computer.Clock.LocalTime` property has the same behavior as the <xref:System.DateTime.Now%2A?displayProperty=fullName> property.      ## Availability by Project Type      |||   |-|-|   |Project type|Available|   |Windows Application|**Yes**|   |Class Library|**Yes**|   |Console Application|**Yes**|   |Windows Control Library|**Yes**|   |Web Control Library|**Yes**|   |Windows Service|**Yes**|   |Web Site|**Yes**|"
  example:
  - "This example uses the `My.Computer.Clock.LocalTime` property to display the local time of the computer on which the code runs.  \n  \n [!code-vb[VbVbalrMyComputer#21](~/add/codesnippet/visualbasic/VbVbalrMyComputer/Class1.vb#21)]"
  syntax:
    content: public DateTime LocalTime { get; }
    return:
      type: System.DateTime
      description: "A <xref uid=&quot;langword_csharp_Date&quot; name=&quot;Date&quot; href=&quot;&quot;></xref> object that contains the current local date and time."
  overload: Microsoft.VisualBasic.Devices.Clock.LocalTime*
  exceptions: []
  platform:
  - net462
- uid: Microsoft.VisualBasic.Devices.Clock.TickCount
  id: TickCount
  parent: Microsoft.VisualBasic.Devices.Clock
  langs:
  - csharp
  name: TickCount
  nameWithType: Clock.TickCount
  fullName: Microsoft.VisualBasic.Devices.Clock.TickCount
  type: Property
  assemblies:
  - Microsoft.VisualBasic
  namespace: Microsoft.VisualBasic.Devices
  summary: "Gets the millisecond count from the computer&quot;s system timer."
  remarks: "The `TickCount` property provides access to the computer&quot;s system timer, which runs when the computer is active. The timer resolution is not less than 500 milliseconds.       You can use this property to make your application&quot;s behavior dependent on the length of time it has been running, or you can use it to label events, both of which are independent of the computer&quot;s clock.      > [!CAUTION] >  When the value of the `TickCount` property reaches the maximum integer value (<xref:System.Int32>), it then jumps to the minimum integer value (<xref:System.Int32>), a negative number, and continues to increment.       If the computer runs continuously, `TickCount` increments from zero to the maximum integer value in approximately 24.9 days.       The `TickCount` property increments only when the operating system is running; it pauses when the computer goes into certain power-saving modes, such as standby or hibernation. The `TickCount` property is unrelated to the computer&quot;s clock setting.       Use the <xref:Microsoft.VisualBasic.Devices.Clock.LocalTime%2A> property or <xref:Microsoft.VisualBasic.Devices.Clock.GmtTime%2A> property to obtain the current local date and time on this computer.       The `My.Computer.Clock.TickCount` property has the same behavior as the <xref:System.Environment.TickCount%2A?displayProperty=fullName> property.      ## Availability by Project Type      |||   |-|-|   |Project type|Available|   |Windows Application|**Yes**|   |Class Library|**Yes**|   |Console Application|**Yes**|   |Windows Control Library|**Yes**|   |Web Control Library|**Yes**|   |Windows Service|**Yes**|   |Web Site|**Yes**|"
  example:
  - "The following example uses the `My.Computer.Clock.TickCount` property to run a task in a loop for a given number of seconds, even if the computer's system time changes while it runs.  \n  \n [!code-vb[VbVbalrMyComputer#20](~/add/codesnippet/visualbasic/VbVbalrMyComputer/Class1.vb#20)]"
  syntax:
    content: public int TickCount { get; }
    return:
      type: System.Int32
      description: "An <xref uid=&quot;langword_csharp_Integer&quot; name=&quot;Integer&quot; href=&quot;&quot;></xref> containing the millisecond count from the computer&quot;s system timer."
  overload: Microsoft.VisualBasic.Devices.Clock.TickCount*
  exceptions: []
  platform:
  - net462
references:
- uid: System.Object
  isExternal: false
  name: System.Object
- uid: Microsoft.VisualBasic.Devices.Clock.#ctor
  parent: Microsoft.VisualBasic.Devices.Clock
  isExternal: false
  name: Clock()
  nameWithType: Clock.Clock()
  fullName: Microsoft.VisualBasic.Devices.Clock.Clock()
- uid: Microsoft.VisualBasic.Devices.Clock.GmtTime
  parent: Microsoft.VisualBasic.Devices.Clock
  isExternal: false
  name: GmtTime
  nameWithType: Clock.GmtTime
  fullName: Microsoft.VisualBasic.Devices.Clock.GmtTime
- uid: System.DateTime
  parent: System
  isExternal: true
  name: DateTime
  nameWithType: DateTime
  fullName: System.DateTime
- uid: Microsoft.VisualBasic.Devices.Clock.LocalTime
  parent: Microsoft.VisualBasic.Devices.Clock
  isExternal: false
  name: LocalTime
  nameWithType: Clock.LocalTime
  fullName: Microsoft.VisualBasic.Devices.Clock.LocalTime
- uid: Microsoft.VisualBasic.Devices.Clock.TickCount
  parent: Microsoft.VisualBasic.Devices.Clock
  isExternal: false
  name: TickCount
  nameWithType: Clock.TickCount
  fullName: Microsoft.VisualBasic.Devices.Clock.TickCount
- uid: System.Int32
  parent: System
  isExternal: true
  name: Int32
  nameWithType: Int32
  fullName: System.Int32
- uid: Microsoft.VisualBasic.Devices.Clock.#ctor*
  parent: Microsoft.VisualBasic.Devices.Clock
  isExternal: false
  name: Clock
  nameWithType: Clock.Clock
- uid: Microsoft.VisualBasic.Devices.Clock.GmtTime*
  parent: Microsoft.VisualBasic.Devices.Clock
  isExternal: false
  name: GmtTime
  nameWithType: Clock.GmtTime
- uid: Microsoft.VisualBasic.Devices.Clock.LocalTime*
  parent: Microsoft.VisualBasic.Devices.Clock
  isExternal: false
  name: LocalTime
  nameWithType: Clock.LocalTime
- uid: Microsoft.VisualBasic.Devices.Clock.TickCount*
  parent: Microsoft.VisualBasic.Devices.Clock
  isExternal: false
  name: TickCount
  nameWithType: Clock.TickCount
