### YamlMime:ManagedReference
items:
- uid: Microsoft.JScript.Block
  id: Block
  children: []
  langs:
  - csharp
  name: Block
  nameWithType: Block
  fullName: Microsoft.JScript.Block
  type: Class
  summary: "Representa um bloco de JScript. Esta classe é utilizada principalmente pelo <xref href=&quot;Microsoft.JScript.JSParser&quot;> </xref> para criar objetos de bloco quando-analisa o código. Esta classe pertence à categoria de árvore sintaxe abstracta."
  syntax:
    content: 'public sealed class Block : Microsoft.JScript.AST'
  inheritance:
  - System.Object
  - Microsoft.JScript.AST
  implements: []
  inheritedMembers: []
  platform:
  - net462
references:
- uid: Microsoft.JScript.AST
  isExternal: false
  name: Microsoft.JScript.AST
