### YamlMime:ManagedReference
items:
- uid: System.Windows.Media.Animation.AnimationClock
  id: AnimationClock
  children:
  - System.Windows.Media.Animation.AnimationClock.#ctor(System.Windows.Media.Animation.AnimationTimeline)
  - System.Windows.Media.Animation.AnimationClock.GetCurrentValue(System.Object,System.Object)
  - System.Windows.Media.Animation.AnimationClock.Timeline
  langs:
  - csharp
  name: AnimationClock
  nameWithType: AnimationClock
  fullName: System.Windows.Media.Animation.AnimationClock
  type: Class
  summary: "Mantém o estado do tempo de execução de um <xref href=&quot;System.Windows.Media.Animation.AnimationTimeline&quot;> </xref> e processa os respetivos valores de saída."
  remarks: "Objetos de AnimationClock são gerados a partir de <xref:System.Windows.Media.Animation.AnimationTimeline>objetos.</xref:System.Windows.Media.Animation.AnimationTimeline> Um <xref:System.Windows.Media.Animation.AnimationTimeline>descreve os valores de saída de um animação, duração, iniciar a tempo, informações de tempo e outras animação fundamentais de fim.</xref:System.Windows.Media.Animation.AnimationTimeline> Um AnimationClock processa os valores de animação descritos através de um <xref:System.Windows.Media.Animation.AnimationTimeline>objeto.</xref:System.Windows.Media.Animation.AnimationTimeline>"
  syntax:
    content: 'public class AnimationClock : System.Windows.Media.Animation.Clock'
  inheritance:
  - System.Object
  - System.Windows.Threading.DispatcherObject
  - System.Windows.Media.Animation.Clock
  implements: []
  inheritedMembers:
  - System.Windows.Media.Animation.Clock.Completed
  - System.Windows.Media.Animation.Clock.Controller
  - System.Windows.Media.Animation.Clock.CurrentGlobalSpeed
  - System.Windows.Media.Animation.Clock.CurrentGlobalSpeedInvalidated
  - System.Windows.Media.Animation.Clock.CurrentGlobalTime
  - System.Windows.Media.Animation.Clock.CurrentIteration
  - System.Windows.Media.Animation.Clock.CurrentProgress
  - System.Windows.Media.Animation.Clock.CurrentState
  - System.Windows.Media.Animation.Clock.CurrentStateInvalidated
  - System.Windows.Media.Animation.Clock.CurrentTime
  - System.Windows.Media.Animation.Clock.CurrentTimeInvalidated
  - System.Windows.Media.Animation.Clock.DiscontinuousTimeMovement
  - System.Windows.Media.Animation.Clock.GetCanSlip
  - System.Windows.Media.Animation.Clock.GetCurrentTimeCore
  - System.Windows.Media.Animation.Clock.HasControllableRoot
  - System.Windows.Media.Animation.Clock.IsPaused
  - System.Windows.Media.Animation.Clock.NaturalDuration
  - System.Windows.Media.Animation.Clock.Parent
  - System.Windows.Media.Animation.Clock.RemoveRequested
  - System.Windows.Media.Animation.Clock.SpeedChanged
  - System.Windows.Media.Animation.Clock.Stopped
  - System.Windows.Threading.DispatcherObject.CheckAccess
  - System.Windows.Threading.DispatcherObject.Dispatcher
  - System.Windows.Threading.DispatcherObject.VerifyAccess
  platform:
  - net462
- uid: System.Windows.Media.Animation.AnimationClock.#ctor(System.Windows.Media.Animation.AnimationTimeline)
  id: '#ctor(System.Windows.Media.Animation.AnimationTimeline)'
  parent: System.Windows.Media.Animation.AnimationClock
  langs:
  - csharp
  name: AnimationClock(AnimationTimeline)
  nameWithType: AnimationClock.AnimationClock(AnimationTimeline)
  fullName: System.Windows.Media.Animation.AnimationClock.AnimationClock(AnimationTimeline)
  type: Constructor
  assemblies:
  - PresentationCore
  namespace: System.Windows.Media.Animation
  summary: "Inicializa uma nova instância do <xref href=&quot;System.Windows.Media.Animation.AnimationClock&quot;> </xref> classe."
  syntax:
    content: protected AnimationClock (System.Windows.Media.Animation.AnimationTimeline animation);
    parameters:
    - id: animation
      type: System.Windows.Media.Animation.AnimationTimeline
      description: "A animação que descreve esta relógio de saída do valores e comportamentos de temporização."
  overload: System.Windows.Media.Animation.AnimationClock.#ctor*
  exceptions: []
  platform:
  - net462
- uid: System.Windows.Media.Animation.AnimationClock.GetCurrentValue(System.Object,System.Object)
  id: GetCurrentValue(System.Object,System.Object)
  parent: System.Windows.Media.Animation.AnimationClock
  langs:
  - csharp
  name: GetCurrentValue(Object,Object)
  nameWithType: AnimationClock.GetCurrentValue(Object,Object)
  fullName: System.Windows.Media.Animation.AnimationClock.GetCurrentValue(Object,Object)
  type: Method
  assemblies:
  - PresentationCore
  namespace: System.Windows.Media.Animation
  summary: "Obtém o valor atual de saída do <xref href=&quot;System.Windows.Media.Animation.AnimationClock&quot;> </xref>."
  syntax:
    content: public object GetCurrentValue (object defaultOriginValue, object defaultDestinationValue);
    parameters:
    - id: defaultOriginValue
      type: System.Object
      description: "O valor de origem fornecido para o relógio, se a animação não tem o seu próprio valor inicial. Se este clock é o primeiro de uma cadeia de composição será o valor base da propriedade que está a ser animada; caso contrário, será o valor devolvido pelo relógio anterior na cadeia"
    - id: defaultDestinationValue
      type: System.Object
      description: "O valor de destino fornecido para o relógio se a animação não tem o seu próprio valor de destino. Se este clock é o primeiro de uma cadeia de composição será o valor base da propriedade que está a ser animada; caso contrário, será o valor devolvido pelo relógio anterior na cadeia"
    return:
      type: System.Object
      description: "O valor atual desta <xref href=&quot;System.Windows.Media.Animation.AnimationClock&quot;> </xref>."
  overload: System.Windows.Media.Animation.AnimationClock.GetCurrentValue*
  exceptions: []
  platform:
  - net462
- uid: System.Windows.Media.Animation.AnimationClock.Timeline
  id: Timeline
  parent: System.Windows.Media.Animation.AnimationClock
  langs:
  - csharp
  name: Timeline
  nameWithType: AnimationClock.Timeline
  fullName: System.Windows.Media.Animation.AnimationClock.Timeline
  type: Property
  assemblies:
  - PresentationCore
  namespace: System.Windows.Media.Animation
  summary: "Obtém o <xref href=&quot;System.Windows.Media.Animation.AnimationTimeline&quot;> </xref> que descreve o comportamento deste clock."
  syntax:
    content: public System.Windows.Media.Animation.AnimationTimeline Timeline { get; }
    return:
      type: System.Windows.Media.Animation.AnimationTimeline
      description: "A animação que descreve o comportamento deste clock."
  overload: System.Windows.Media.Animation.AnimationClock.Timeline*
  exceptions: []
  platform:
  - net462
references:
- uid: System.Windows.Media.Animation.Clock
  isExternal: false
  name: System.Windows.Media.Animation.Clock
- uid: System.Windows.Media.Animation.AnimationClock.#ctor(System.Windows.Media.Animation.AnimationTimeline)
  parent: System.Windows.Media.Animation.AnimationClock
  isExternal: false
  name: AnimationClock(AnimationTimeline)
  nameWithType: AnimationClock.AnimationClock(AnimationTimeline)
  fullName: System.Windows.Media.Animation.AnimationClock.AnimationClock(AnimationTimeline)
- uid: System.Windows.Media.Animation.AnimationTimeline
  parent: System.Windows.Media.Animation
  isExternal: false
  name: AnimationTimeline
  nameWithType: AnimationTimeline
  fullName: System.Windows.Media.Animation.AnimationTimeline
- uid: System.Windows.Media.Animation.AnimationClock.GetCurrentValue(System.Object,System.Object)
  parent: System.Windows.Media.Animation.AnimationClock
  isExternal: false
  name: GetCurrentValue(Object,Object)
  nameWithType: AnimationClock.GetCurrentValue(Object,Object)
  fullName: System.Windows.Media.Animation.AnimationClock.GetCurrentValue(Object,Object)
- uid: System.Object
  parent: System
  isExternal: true
  name: Object
  nameWithType: Object
  fullName: System.Object
- uid: System.Windows.Media.Animation.AnimationClock.Timeline
  parent: System.Windows.Media.Animation.AnimationClock
  isExternal: false
  name: Timeline
  nameWithType: AnimationClock.Timeline
  fullName: System.Windows.Media.Animation.AnimationClock.Timeline
- uid: System.Windows.Media.Animation.AnimationClock.#ctor*
  parent: System.Windows.Media.Animation.AnimationClock
  isExternal: false
  name: AnimationClock
  nameWithType: AnimationClock.AnimationClock
- uid: System.Windows.Media.Animation.AnimationClock.GetCurrentValue*
  parent: System.Windows.Media.Animation.AnimationClock
  isExternal: false
  name: GetCurrentValue
  nameWithType: AnimationClock.GetCurrentValue
- uid: System.Windows.Media.Animation.AnimationClock.Timeline*
  parent: System.Windows.Media.Animation.AnimationClock
  isExternal: false
  name: Timeline
  nameWithType: AnimationClock.Timeline
