### YamlMime:ManagedReference
items:
- uid: System.Windows.Media.Animation.AnimationClock
  id: AnimationClock
  children:
  - System.Windows.Media.Animation.AnimationClock.#ctor(System.Windows.Media.Animation.AnimationTimeline)
  - System.Windows.Media.Animation.AnimationClock.GetCurrentValue(System.Object,System.Object)
  - System.Windows.Media.Animation.AnimationClock.Timeline
  langs:
  - csharp
  name: AnimationClock
  nameWithType: AnimationClock
  fullName: System.Windows.Media.Animation.AnimationClock
  type: Class
  summary: "Maintains the run-time state of an <see cref=&quot;T:System.Windows.Media.Animation.AnimationTimeline&quot;></see> and processes its output values."
  remarks: "AnimationClock objects are generated from <xref:System.Windows.Media.Animation.AnimationTimeline> objects. An <xref:System.Windows.Media.Animation.AnimationTimeline> describes an animation&quot;s output values, duration, begin time, end time, and other fundamental animation information. An AnimationClock processes the animation values described by an <xref:System.Windows.Media.Animation.AnimationTimeline> object."
  syntax:
    content: 'public class AnimationClock : System.Windows.Media.Animation.Clock'
  inheritance:
  - System.Object
  - System.Windows.Threading.DispatcherObject
  - System.Windows.Media.Animation.Clock
  implements: []
  inheritedMembers:
  - System.Windows.Media.Animation.Clock.Completed
  - System.Windows.Media.Animation.Clock.Controller
  - System.Windows.Media.Animation.Clock.CurrentGlobalSpeed
  - System.Windows.Media.Animation.Clock.CurrentGlobalSpeedInvalidated
  - System.Windows.Media.Animation.Clock.CurrentGlobalTime
  - System.Windows.Media.Animation.Clock.CurrentIteration
  - System.Windows.Media.Animation.Clock.CurrentProgress
  - System.Windows.Media.Animation.Clock.CurrentState
  - System.Windows.Media.Animation.Clock.CurrentStateInvalidated
  - System.Windows.Media.Animation.Clock.CurrentTime
  - System.Windows.Media.Animation.Clock.CurrentTimeInvalidated
  - System.Windows.Media.Animation.Clock.DiscontinuousTimeMovement
  - System.Windows.Media.Animation.Clock.GetCanSlip
  - System.Windows.Media.Animation.Clock.GetCurrentTimeCore
  - System.Windows.Media.Animation.Clock.HasControllableRoot
  - System.Windows.Media.Animation.Clock.IsPaused
  - System.Windows.Media.Animation.Clock.NaturalDuration
  - System.Windows.Media.Animation.Clock.Parent
  - System.Windows.Media.Animation.Clock.RemoveRequested
  - System.Windows.Media.Animation.Clock.SpeedChanged
  - System.Windows.Media.Animation.Clock.Stopped
  - System.Windows.Threading.DispatcherObject.CheckAccess
  - System.Windows.Threading.DispatcherObject.Dispatcher
  - System.Windows.Threading.DispatcherObject.VerifyAccess
  platform:
  - net-11
  - net-20
  - netcore-10
- uid: System.Windows.Media.Animation.AnimationClock.#ctor(System.Windows.Media.Animation.AnimationTimeline)
  id: '#ctor(System.Windows.Media.Animation.AnimationTimeline)'
  parent: System.Windows.Media.Animation.AnimationClock
  langs:
  - csharp
  name: AnimationClock(AnimationTimeline)
  nameWithType: AnimationClock.AnimationClock(AnimationTimeline)
  fullName: System.Windows.Media.Animation.AnimationClock.AnimationClock(AnimationTimeline)
  type: Constructor
  assemblies:
  - PresentationCore
  namespace: System.Windows.Media.Animation
  summary: "Initializes a new instance of the <see cref=&quot;T:System.Windows.Media.Animation.AnimationClock&quot;></see> class."
  syntax:
    content: protected AnimationClock (System.Windows.Media.Animation.AnimationTimeline animation);
    parameters:
    - id: animation
      type: System.Windows.Media.Animation.AnimationTimeline
      description: "The animation that describes this clock&quot;s output values and timing behaviors."
  overload: System.Windows.Media.Animation.AnimationClock.#ctor*
  exceptions: []
  platform:
  - net-11
  - net-20
  - netcore-10
- uid: System.Windows.Media.Animation.AnimationClock.GetCurrentValue(System.Object,System.Object)
  id: GetCurrentValue(System.Object,System.Object)
  parent: System.Windows.Media.Animation.AnimationClock
  langs:
  - csharp
  name: GetCurrentValue(Object,Object)
  nameWithType: AnimationClock.GetCurrentValue(Object,Object)
  fullName: System.Windows.Media.Animation.AnimationClock.GetCurrentValue(Object,Object)
  type: Method
  assemblies:
  - PresentationCore
  namespace: System.Windows.Media.Animation
  summary: "Gets the current output value of the <see cref=&quot;T:System.Windows.Media.Animation.AnimationClock&quot;></see>."
  syntax:
    content: public object GetCurrentValue (object defaultOriginValue, object defaultDestinationValue);
    parameters:
    - id: defaultOriginValue
      type: System.Object
      description: "The origin value provided to the clock if its animation does not have its own start value. If this clock is the first in a composition chain it will be the base value of the property being animated; otherwise it will be the value returned by the previous clock in the chain"
    - id: defaultDestinationValue
      type: System.Object
      description: "The destination value provided to the clock if its animation does not have its own destination value. If this clock is the first in a composition chain it will be the base value of the property being animated; otherwise it will be the value returned by the previous clock in the chain"
    return:
      type: System.Object
      description: "To be added."
  overload: System.Windows.Media.Animation.AnimationClock.GetCurrentValue*
  exceptions: []
  platform:
  - net-11
  - net-20
  - netcore-10
- uid: System.Windows.Media.Animation.AnimationClock.Timeline
  id: Timeline
  parent: System.Windows.Media.Animation.AnimationClock
  langs:
  - csharp
  name: Timeline
  nameWithType: AnimationClock.Timeline
  fullName: System.Windows.Media.Animation.AnimationClock.Timeline
  type: Property
  assemblies:
  - PresentationCore
  namespace: System.Windows.Media.Animation
  summary: "Gets the <see cref=&quot;T:System.Windows.Media.Animation.AnimationTimeline&quot;></see> that describes this clock&quot;s behavior."
  syntax:
    content: public System.Windows.Media.Animation.AnimationTimeline Timeline { get; }
    return:
      type: System.Windows.Media.Animation.AnimationTimeline
      description: "The animation that describes this clock&quot;s behavior."
  overload: System.Windows.Media.Animation.AnimationClock.Timeline*
  exceptions: []
  platform:
  - net-11
  - net-20
  - netcore-10
references:
- uid: System.Windows.Media.Animation.Clock
  isExternal: false
  name: System.Windows.Media.Animation.Clock
- uid: System.Windows.Media.Animation.AnimationClock.#ctor(System.Windows.Media.Animation.AnimationTimeline)
  parent: System.Windows.Media.Animation.AnimationClock
  isExternal: false
  name: AnimationClock(AnimationTimeline)
  nameWithType: AnimationClock.AnimationClock(AnimationTimeline)
  fullName: System.Windows.Media.Animation.AnimationClock.AnimationClock(AnimationTimeline)
- uid: System.Windows.Media.Animation.AnimationTimeline
  parent: System.Windows.Media.Animation
  isExternal: false
  name: AnimationTimeline
  nameWithType: AnimationTimeline
  fullName: System.Windows.Media.Animation.AnimationTimeline
- uid: System.Windows.Media.Animation.AnimationClock.GetCurrentValue(System.Object,System.Object)
  parent: System.Windows.Media.Animation.AnimationClock
  isExternal: false
  name: GetCurrentValue(Object,Object)
  nameWithType: AnimationClock.GetCurrentValue(Object,Object)
  fullName: System.Windows.Media.Animation.AnimationClock.GetCurrentValue(Object,Object)
- uid: System.Object
  parent: System
  isExternal: true
  name: Object
  nameWithType: Object
  fullName: System.Object
- uid: System.Windows.Media.Animation.AnimationClock.Timeline
  parent: System.Windows.Media.Animation.AnimationClock
  isExternal: false
  name: Timeline
  nameWithType: AnimationClock.Timeline
  fullName: System.Windows.Media.Animation.AnimationClock.Timeline
- uid: System.Windows.Media.Animation.AnimationClock.#ctor*
  parent: System.Windows.Media.Animation.AnimationClock
  isExternal: false
  name: AnimationClock
  nameWithType: AnimationClock.AnimationClock
- uid: System.Windows.Media.Animation.AnimationClock.GetCurrentValue*
  parent: System.Windows.Media.Animation.AnimationClock
  isExternal: false
  name: GetCurrentValue
  nameWithType: AnimationClock.GetCurrentValue
- uid: System.Windows.Media.Animation.AnimationClock.Timeline*
  parent: System.Windows.Media.Animation.AnimationClock
  isExternal: false
  name: Timeline
  nameWithType: AnimationClock.Timeline
