### YamlMime:ManagedReference
items:
- uid: System.Windows.Media.Animation.Clock
  id: Clock
  children:
  - System.Windows.Media.Animation.Clock.#ctor(System.Windows.Media.Animation.Timeline)
  - System.Windows.Media.Animation.Clock.Completed
  - System.Windows.Media.Animation.Clock.Controller
  - System.Windows.Media.Animation.Clock.CurrentGlobalSpeed
  - System.Windows.Media.Animation.Clock.CurrentGlobalSpeedInvalidated
  - System.Windows.Media.Animation.Clock.CurrentGlobalTime
  - System.Windows.Media.Animation.Clock.CurrentIteration
  - System.Windows.Media.Animation.Clock.CurrentProgress
  - System.Windows.Media.Animation.Clock.CurrentState
  - System.Windows.Media.Animation.Clock.CurrentStateInvalidated
  - System.Windows.Media.Animation.Clock.CurrentTime
  - System.Windows.Media.Animation.Clock.CurrentTimeInvalidated
  - System.Windows.Media.Animation.Clock.DiscontinuousTimeMovement
  - System.Windows.Media.Animation.Clock.GetCanSlip
  - System.Windows.Media.Animation.Clock.GetCurrentTimeCore
  - System.Windows.Media.Animation.Clock.HasControllableRoot
  - System.Windows.Media.Animation.Clock.IsPaused
  - System.Windows.Media.Animation.Clock.NaturalDuration
  - System.Windows.Media.Animation.Clock.Parent
  - System.Windows.Media.Animation.Clock.RemoveRequested
  - System.Windows.Media.Animation.Clock.SpeedChanged
  - System.Windows.Media.Animation.Clock.Stopped
  - System.Windows.Media.Animation.Clock.Timeline
  langs:
  - csharp
  name: Clock
  nameWithType: Clock
  fullName: System.Windows.Media.Animation.Clock
  type: Class
  summary: "Maintains run-time timing state for a <xref href=&quot;System.Windows.Media.Animation.Timeline&quot;></xref>."
  remarks: "A <xref:System.Windows.Media.Animation.Timeline>, by itself, doesn&quot;t actually do anything other than describe a segment of time. It&quot;s the timeline&quot;s Clock object that does the real work: it maintains timing-related run-time state for the timeline.       In most cases, a clock is created automatically for your timeline. When you animate by using a <xref:System.Windows.Media.Animation.Storyboard> or the <xref:System.Windows.Media.Animation.Animatable.BeginAnimation%2A> method, clocks are automatically created for your timelines and animations and applied to their targeted properties. For examples, see [How to: Animate a Property by Using a Storyboard](~/add/includes/ajax-current-ext-md.md) and [How to: Animate a Property Without Using a Storyboard](~/add/includes/ajax-current-ext-md.md).       You can also create a Clock explicitly by using the <xref:System.Windows.Media.Animation.Timeline.CreateClock%2A> method. In performance-intensive scenarios, such as animating large numbers of similar objects, managing your own Clock use can provide performance benefits.       Clocks are arranged in trees that match the structure of the <xref:System.Windows.Media.Animation.Timeline> objects tree from which they are created. The root clock of such a timing tree can be interactively manipulated (paused, resumed, stopped, and so on) by retrieving its <xref:System.Windows.Media.Animation.Clock.Controller%2A>. Non-root clocks cannot be directly controlled.       Once created, a clock cannot be modified (but it can be manipulated).      ## Using a Timeline as a Timer    A timeline&quot;s clock will only progress when there&quot;s an event handler associated with it or (in the case of an <xref:System.Windows.Media.Animation.AnimationClock> object) it is associated with a property. For this reason (and others), it&quot;s not recommended that you use a <xref:System.Windows.Media.Animation.Timeline> as a timer."
  syntax:
    content: 'public class Clock : System.Windows.Threading.DispatcherObject'
  inheritance:
  - System.Object
  - System.Windows.Threading.DispatcherObject
  implements: []
  inheritedMembers:
  - System.Windows.Threading.DispatcherObject.CheckAccess
  - System.Windows.Threading.DispatcherObject.Dispatcher
  - System.Windows.Threading.DispatcherObject.VerifyAccess
  platform:
  - net462
- uid: System.Windows.Media.Animation.Clock.#ctor(System.Windows.Media.Animation.Timeline)
  id: '#ctor(System.Windows.Media.Animation.Timeline)'
  parent: System.Windows.Media.Animation.Clock
  langs:
  - csharp
  name: Clock(Timeline)
  nameWithType: Clock.Clock(Timeline)
  fullName: System.Windows.Media.Animation.Clock.Clock(Timeline)
  type: Constructor
  assemblies:
  - PresentationCore
  namespace: System.Windows.Media.Animation
  summary: "Initializes a new instance of the <xref href=&quot;System.Windows.Media.Animation.Clock&quot;></xref> class, using the specified <xref:System.Windows.Media.Animation.Clock.Timeline*> as a template. The new <xref href=&quot;System.Windows.Media.Animation.Clock&quot;></xref> object has no children."
  syntax:
    content: protected Clock (System.Windows.Media.Animation.Timeline timeline);
    parameters:
    - id: timeline
      type: System.Windows.Media.Animation.Timeline
      description: "The <xref:System.Windows.Media.Animation.Clock.Timeline*> from which this clock should be constructed. Clocks are not created for any child <xref:System.Windows.Media.Animation.Clock.Timeline*> objects, if they exist."
  overload: System.Windows.Media.Animation.Clock.#ctor*
  exceptions: []
  platform:
  - net462
- uid: System.Windows.Media.Animation.Clock.Completed
  id: Completed
  parent: System.Windows.Media.Animation.Clock
  langs:
  - csharp
  name: Completed
  nameWithType: Clock.Completed
  fullName: System.Windows.Media.Animation.Clock.Completed
  type: Event
  assemblies:
  - PresentationCore
  namespace: System.Windows.Media.Animation
  summary: "Occurs when this clock has completely finished playing."
  remarks: "If this clock is the root clock of a clock tree, it has completed playing after it reaches the end of its active duration (which includes repeats) and all its children have reached the end of their active durations. If this clock is a child clock, it is considered to have completely finished playing when the root clock of the clock tree to which it belongs reaches the end of its active duration and all its child clocks have finished playing.       Stopping a clock does not trigger its completed event, but advancing it to its fill period does."
  syntax:
    content: public event EventHandler Completed;
    return:
      type: System.EventHandler
      description: "To be added."
  exceptions: []
  platform:
  - net462
- uid: System.Windows.Media.Animation.Clock.Controller
  id: Controller
  parent: System.Windows.Media.Animation.Clock
  langs:
  - csharp
  name: Controller
  nameWithType: Clock.Controller
  fullName: System.Windows.Media.Animation.Clock.Controller
  type: Property
  assemblies:
  - PresentationCore
  namespace: System.Windows.Media.Animation
  summary: "Gets a <xref href=&quot;System.Windows.Media.Animation.ClockController&quot;></xref> that can be used to start, pause, resume, seek, skip, stop, or remove this <xref href=&quot;System.Windows.Media.Animation.Clock&quot;></xref>."
  remarks: "Only root clocks can be interactively controlled."
  syntax:
    content: public System.Windows.Media.Animation.ClockController Controller { get; }
    return:
      type: System.Windows.Media.Animation.ClockController
      description: "A <xref href=&quot;System.Windows.Media.Animation.ClockController&quot;></xref> if this is a root clock; otherwise, <xref uid=&quot;langword_csharp_null&quot; name=&quot;null&quot; href=&quot;&quot;></xref>."
  overload: System.Windows.Media.Animation.Clock.Controller*
  exceptions: []
  platform:
  - net462
- uid: System.Windows.Media.Animation.Clock.CurrentGlobalSpeed
  id: CurrentGlobalSpeed
  parent: System.Windows.Media.Animation.Clock
  langs:
  - csharp
  name: CurrentGlobalSpeed
  nameWithType: Clock.CurrentGlobalSpeed
  fullName: System.Windows.Media.Animation.Clock.CurrentGlobalSpeed
  type: Property
  assemblies:
  - PresentationCore
  namespace: System.Windows.Media.Animation
  summary: "Gets the rate at which the clock&quot;s time is currently progressing, compared to real-world time."
  syntax:
    content: public Nullable<double> CurrentGlobalSpeed { get; }
    return:
      type: System.Nullable{System.Double}
      description: "The rate at which this clock&quot;s time is current progressing, compared to real-world time. If the clock is stopped, this property returns <xref uid=&quot;langword_csharp_null&quot; name=&quot;null&quot; href=&quot;&quot;></xref>."
  overload: System.Windows.Media.Animation.Clock.CurrentGlobalSpeed*
  exceptions: []
  platform:
  - net462
- uid: System.Windows.Media.Animation.Clock.CurrentGlobalSpeedInvalidated
  id: CurrentGlobalSpeedInvalidated
  parent: System.Windows.Media.Animation.Clock
  langs:
  - csharp
  name: CurrentGlobalSpeedInvalidated
  nameWithType: Clock.CurrentGlobalSpeedInvalidated
  fullName: System.Windows.Media.Animation.Clock.CurrentGlobalSpeedInvalidated
  type: Event
  assemblies:
  - PresentationCore
  namespace: System.Windows.Media.Animation
  summary: "Occurs when the clock&quot;s speed is updated."
  remarks: "Pausing, resuming, reversing, accelerating, decelerating, seeking, stopping, or changing a clock&quot;s interactive speed using a <xref:System.Windows.Media.Animation.ClockController> triggers this event.       Although this event occurs when the <xref:System.Windows.Media.Animation.Clock.CurrentGlobalSpeed%2A> property becomes invalid, that doesn&quot;t necessarily mean the property changed."
  syntax:
    content: public event EventHandler CurrentGlobalSpeedInvalidated;
    return:
      type: System.EventHandler
      description: "To be added."
  exceptions: []
  platform:
  - net462
- uid: System.Windows.Media.Animation.Clock.CurrentGlobalTime
  id: CurrentGlobalTime
  parent: System.Windows.Media.Animation.Clock
  langs:
  - csharp
  name: CurrentGlobalTime
  nameWithType: Clock.CurrentGlobalTime
  fullName: System.Windows.Media.Animation.Clock.CurrentGlobalTime
  type: Property
  assemblies:
  - PresentationCore
  namespace: System.Windows.Media.Animation
  summary: "Gets the current global time, as established by the [!INCLUDE[TLA2#tla_wpf](~/add/includes/ajax-current-ext-md.md)] timing system."
  syntax:
    content: protected TimeSpan CurrentGlobalTime { get; }
    return:
      type: System.TimeSpan
      description: "The current global time for the [!INCLUDE[TLA2#tla_wpf](~/add/includes/ajax-current-ext-md.md)] timing system."
  overload: System.Windows.Media.Animation.Clock.CurrentGlobalTime*
  exceptions: []
  platform:
  - net462
- uid: System.Windows.Media.Animation.Clock.CurrentIteration
  id: CurrentIteration
  parent: System.Windows.Media.Animation.Clock
  langs:
  - csharp
  name: CurrentIteration
  nameWithType: Clock.CurrentIteration
  fullName: System.Windows.Media.Animation.Clock.CurrentIteration
  type: Property
  assemblies:
  - PresentationCore
  namespace: System.Windows.Media.Animation
  summary: "Get the current iteration of this clock."
  remarks: "A clock&quot;s first iteration has a value of 1.       If this clock&quot;s timeline has an <xref:System.Windows.Media.Animation.Timeline.AutoReverse%2A> setting of `true`, a full iteration consists of a forward-reverse pair, not just one of these segments.       Regardless of its current iteration, seeking a clock returns its current iteration to 1. Restarting a clock also returns its current iteration to 1."
  syntax:
    content: public Nullable<int> CurrentIteration { get; }
    return:
      type: System.Nullable{System.Int32}
      description: "This clock&quot;s current iteration within its current active period, or <xref uid=&quot;langword_csharp_null&quot; name=&quot;null&quot; href=&quot;&quot;></xref> if this clock is stopped."
  overload: System.Windows.Media.Animation.Clock.CurrentIteration*
  exceptions: []
  platform:
  - net462
- uid: System.Windows.Media.Animation.Clock.CurrentProgress
  id: CurrentProgress
  parent: System.Windows.Media.Animation.Clock
  langs:
  - csharp
  name: CurrentProgress
  nameWithType: Clock.CurrentProgress
  fullName: System.Windows.Media.Animation.Clock.CurrentProgress
  type: Property
  assemblies:
  - PresentationCore
  namespace: System.Windows.Media.Animation
  summary: "Gets the current progress of this <xref href=&quot;System.Windows.Media.Animation.Clock&quot;></xref> within its current iteration."
  remarks: "The value of this property indicates the <xref:System.Windows.Media.Animation.Clock.CurrentTime%2A> normalized by the <xref:System.Windows.Media.Animation.Timeline.Duration%2A> of this clock&quot;s <xref:System.Windows.Media.Animation.Clock.Timeline%2A>.       A clock that is <xref:System.Windows.Media.Animation.ClockState> has a CurrentProgress of 1.0.      ## Using a Timeline as a Timer    A timeline&quot;s clock will only progress when there&quot;s an event hander associated with it or (in the case of an <xref:System.Windows.Media.Animation.AnimationClock> object) it is associated with a property. For this reason (and others), it&quot;s not recommended that you use a <xref:System.Windows.Media.Animation.Timeline> as a timer."
  syntax:
    content: public Nullable<double> CurrentProgress { get; }
    return:
      type: System.Nullable{System.Double}
      description: "<xref uid=&quot;langword_csharp_null&quot; name=&quot;null&quot; href=&quot;&quot;></xref> if this clock is <xref href=&quot;System.Windows.Media.Animation.ClockState&quot;></xref>, or 0.0 if this clock is active and its <xref:System.Windows.Media.Animation.Clock.Timeline*> has a <xref:System.Windows.Media.Animation.Timeline.Duration*> of <xref:System.Windows.Duration.Forever*>; otherwise, a value between 0.0 and 1.0 that indicates the current progress of this Clock within its current iteration. A value of 0.0 indicates no progress, and a value of 1.0 indicates that the clock is at the end of its current iteration."
  overload: System.Windows.Media.Animation.Clock.CurrentProgress*
  exceptions: []
  platform:
  - net462
- uid: System.Windows.Media.Animation.Clock.CurrentState
  id: CurrentState
  parent: System.Windows.Media.Animation.Clock
  langs:
  - csharp
  name: CurrentState
  nameWithType: Clock.CurrentState
  fullName: System.Windows.Media.Animation.Clock.CurrentState
  type: Property
  assemblies:
  - PresentationCore
  namespace: System.Windows.Media.Animation
  summary: "Gets a value indicating whether the clock is currently <xref href=&quot;System.Windows.Media.Animation.ClockState&quot;></xref>, <xref href=&quot;System.Windows.Media.Animation.ClockState&quot;></xref>, or <xref href=&quot;System.Windows.Media.Animation.ClockState&quot;></xref>."
  remarks: "Note the clock&quot;s CurrentState property doesn&quot;t tell you whether it&quot;s paused. To determine whether a clock is paused, use the <xref:System.Windows.Media.Animation.Clock.IsPaused%2A> property.       The <xref:System.Windows.Media.Animation.Clock.CurrentStateInvalidated> occurs whenever the value of this property changes."
  syntax:
    content: public System.Windows.Media.Animation.ClockState CurrentState { get; }
    return:
      type: System.Windows.Media.Animation.ClockState
      description: 'The current state of the clock: <xref href=&quot;System.Windows.Media.Animation.ClockState&quot;></xref>, <xref href=&quot;System.Windows.Media.Animation.ClockState&quot;></xref>, or <xref href=&quot;System.Windows.Media.Animation.ClockState&quot;></xref>.'
  overload: System.Windows.Media.Animation.Clock.CurrentState*
  exceptions: []
  platform:
  - net462
- uid: System.Windows.Media.Animation.Clock.CurrentStateInvalidated
  id: CurrentStateInvalidated
  parent: System.Windows.Media.Animation.Clock
  langs:
  - csharp
  name: CurrentStateInvalidated
  nameWithType: Clock.CurrentStateInvalidated
  fullName: System.Windows.Media.Animation.Clock.CurrentStateInvalidated
  type: Event
  assemblies:
  - PresentationCore
  namespace: System.Windows.Media.Animation
  summary: "Occurs when the clock&quot;s <xref:System.Windows.Media.Animation.Clock.CurrentState*> property is updated."
  remarks: "Use the <xref:System.Windows.Media.Animation.Timeline.CurrentStateInvalidated> event when you want to be notified if when the clock starts, stops, or fills. The <xref:System.Object> parameter of the <xref:System.EventHandler> event handler is the <xref:System.Windows.Media.Animation.Clock> whose state was invalidated.       Pausing a <xref:System.Windows.Media.Animation.Clock> does not change its <xref:System.Windows.Media.Animation.Clock.CurrentState%2A>. To be notified when a clock becomes paused, use the <xref:System.Windows.Media.Animation.Timeline.CurrentGlobalSpeedInvalidated> event.       Although this event occurs when the <xref:System.Windows.Media.Animation.ClockState> becomes invalid, that doesn&quot;t necessarily mean the <xref:System.Windows.Media.Animation.ClockState> changed: a <xref:System.Windows.Media.Animation.Clock> that switches from <xref:System.Windows.Media.Animation.ClockState> to <xref:System.Windows.Media.Animation.ClockState> and then back to <xref:System.Windows.Media.Animation.ClockState> in the same tick will cause this event to fire, but its <xref:System.Windows.Media.Animation.Clock.CurrentState%2A> property won&quot;t actually change."
  syntax:
    content: public event EventHandler CurrentStateInvalidated;
    return:
      type: System.EventHandler
      description: "To be added."
  exceptions: []
  platform:
  - net462
- uid: System.Windows.Media.Animation.Clock.CurrentTime
  id: CurrentTime
  parent: System.Windows.Media.Animation.Clock
  langs:
  - csharp
  name: CurrentTime
  nameWithType: Clock.CurrentTime
  fullName: System.Windows.Media.Animation.Clock.CurrentTime
  type: Property
  assemblies:
  - PresentationCore
  namespace: System.Windows.Media.Animation
  summary: "Gets this clock&quot;s current time within its current iteration."
  remarks: "## Using a Timeline as a Timer    A timeline&quot;s clock will only progress when there&quot;s an event hander associated with it or (in the case of an <xref:System.Windows.Media.Animation.AnimationClock> object) it is associated with a property. For this reason (and others), it&quot;s not recommended that you use a <xref:System.Windows.Media.Animation.Timeline> as a timer."
  syntax:
    content: public Nullable<TimeSpan> CurrentTime { get; }
    return:
      type: System.Nullable{System.TimeSpan}
      description: "<xref uid=&quot;langword_csharp_null&quot; name=&quot;null&quot; href=&quot;&quot;></xref> if this clock is <xref href=&quot;System.Windows.Media.Animation.ClockState&quot;></xref>; otherwise, the current time of this clock."
  overload: System.Windows.Media.Animation.Clock.CurrentTime*
  exceptions: []
  platform:
  - net462
- uid: System.Windows.Media.Animation.Clock.CurrentTimeInvalidated
  id: CurrentTimeInvalidated
  parent: System.Windows.Media.Animation.Clock
  langs:
  - csharp
  name: CurrentTimeInvalidated
  nameWithType: Clock.CurrentTimeInvalidated
  fullName: System.Windows.Media.Animation.Clock.CurrentTimeInvalidated
  type: Event
  assemblies:
  - PresentationCore
  namespace: System.Windows.Media.Animation
  summary: "Occurs when this clock&quot;s <xref:System.Windows.Media.Animation.Clock.CurrentTime*> becomes invalid."
  remarks: 'A clock''s <xref:System.Windows.Media.Animation.Clock.CurrentTime%2A> becomes invalid when the clock progresses. The following interactive operations also trigger the CurrentTimeInvalidated event: <xref:System.Windows.Media.Animation.ClockController.Begin%2A>, <xref:System.Windows.Media.Animation.ClockController.SkipToFill%2A>, <xref:System.Windows.Media.Animation.ClockController.Seek%2A>, <xref:System.Windows.Media.Animation.ClockController.SeekAlignedToLastTick%2A>, and <xref:System.Windows.Media.Animation.ClockController.Stop%2A>.'
  syntax:
    content: public event EventHandler CurrentTimeInvalidated;
    return:
      type: System.EventHandler
      description: "To be added."
  exceptions: []
  platform:
  - net462
- uid: System.Windows.Media.Animation.Clock.DiscontinuousTimeMovement
  id: DiscontinuousTimeMovement
  parent: System.Windows.Media.Animation.Clock
  langs:
  - csharp
  name: DiscontinuousTimeMovement()
  nameWithType: Clock.DiscontinuousTimeMovement()
  fullName: System.Windows.Media.Animation.Clock.DiscontinuousTimeMovement()
  type: Method
  assemblies:
  - PresentationCore
  namespace: System.Windows.Media.Animation
  summary: "When implemented in a derived class, will be invoked whenever a clock repeats, skips, or seeks."
  syntax:
    content: protected virtual void DiscontinuousTimeMovement ();
    parameters: []
  overload: System.Windows.Media.Animation.Clock.DiscontinuousTimeMovement*
  exceptions: []
  platform:
  - net462
- uid: System.Windows.Media.Animation.Clock.GetCanSlip
  id: GetCanSlip
  parent: System.Windows.Media.Animation.Clock
  langs:
  - csharp
  name: GetCanSlip()
  nameWithType: Clock.GetCanSlip()
  fullName: System.Windows.Media.Animation.Clock.GetCanSlip()
  type: Method
  assemblies:
  - PresentationCore
  namespace: System.Windows.Media.Animation
  summary: "Returns whether the <xref href=&quot;System.Windows.Media.Animation.Clock&quot;></xref> has its own external time source, which may require synchronization with the timing system."
  remarks: "Media being played using <xref:System.Windows.Media.MediaTimeline> within a <xref:System.Windows.Media.Animation.Storyboard> is an example of creating a <xref:System.Windows.Media.Animation.Clock> that would have an external time source (a video clip for example) which may require synchronization with other timelines within the <xref:System.Windows.Media.Animation.Storyboard>. See <xref:System.Windows.Media.Animation.ParallelTimeline.SlipBehavior%2A> for more information."
  syntax:
    content: protected virtual bool GetCanSlip ();
    parameters: []
    return:
      type: System.Boolean
      description: "Returns **true** if the <xref href=&quot;System.Windows.Media.Animation.Clock&quot;></xref> has its own external source for time, which may require synchronization with the timing system; otherwise, **false**."
  overload: System.Windows.Media.Animation.Clock.GetCanSlip*
  exceptions: []
  platform:
  - net462
- uid: System.Windows.Media.Animation.Clock.GetCurrentTimeCore
  id: GetCurrentTimeCore
  parent: System.Windows.Media.Animation.Clock
  langs:
  - csharp
  name: GetCurrentTimeCore()
  nameWithType: Clock.GetCurrentTimeCore()
  fullName: System.Windows.Media.Animation.Clock.GetCurrentTimeCore()
  type: Method
  assemblies:
  - PresentationCore
  namespace: System.Windows.Media.Animation
  summary: "Gets this clock&quot;s current time within its current iteration."
  remarks: "This method is used in the implementation of the <xref:System.Windows.Media.Animation.Clock.CurrentTime%2A> method and should not be called directly from your code."
  syntax:
    content: protected virtual TimeSpan GetCurrentTimeCore ();
    parameters: []
    return:
      type: System.TimeSpan
      description: "The current time of this clock if it is active or filling; otherwise, <xref:System.TimeSpan>."
  overload: System.Windows.Media.Animation.Clock.GetCurrentTimeCore*
  exceptions: []
  platform:
  - net462
- uid: System.Windows.Media.Animation.Clock.HasControllableRoot
  id: HasControllableRoot
  parent: System.Windows.Media.Animation.Clock
  langs:
  - csharp
  name: HasControllableRoot
  nameWithType: Clock.HasControllableRoot
  fullName: System.Windows.Media.Animation.Clock.HasControllableRoot
  type: Property
  assemblies:
  - PresentationCore
  namespace: System.Windows.Media.Animation
  summary: "Gets a value that indicates whether this <xref href=&quot;System.Windows.Media.Animation.Clock&quot;></xref> is part of a controllable clock tree."
  syntax:
    content: public bool HasControllableRoot { get; }
    return:
      type: System.Boolean
      description: "<xref uid=&quot;langword_csharp_true&quot; name=&quot;true&quot; href=&quot;&quot;></xref> if this clock belongs to a clock tree with a controllable root clock or if this clock is itself a controllable root; otherwise, <xref uid=&quot;langword_csharp_false&quot; name=&quot;false&quot; href=&quot;&quot;></xref>."
  overload: System.Windows.Media.Animation.Clock.HasControllableRoot*
  exceptions: []
  platform:
  - net462
- uid: System.Windows.Media.Animation.Clock.IsPaused
  id: IsPaused
  parent: System.Windows.Media.Animation.Clock
  langs:
  - csharp
  name: IsPaused
  nameWithType: Clock.IsPaused
  fullName: System.Windows.Media.Animation.Clock.IsPaused
  type: Property
  assemblies:
  - PresentationCore
  namespace: System.Windows.Media.Animation
  summary: "Gets a value that indicates whether this <xref href=&quot;System.Windows.Media.Animation.Clock&quot;></xref>, or any of its parents, is paused."
  syntax:
    content: public bool IsPaused { get; }
    return:
      type: System.Boolean
      description: "<xref uid=&quot;langword_csharp_true&quot; name=&quot;true&quot; href=&quot;&quot;></xref> if this <xref href=&quot;System.Windows.Media.Animation.Clock&quot;></xref> or any of its parents is paused; otherwise, <xref uid=&quot;langword_csharp_false&quot; name=&quot;false&quot; href=&quot;&quot;></xref>."
  overload: System.Windows.Media.Animation.Clock.IsPaused*
  exceptions: []
  platform:
  - net462
- uid: System.Windows.Media.Animation.Clock.NaturalDuration
  id: NaturalDuration
  parent: System.Windows.Media.Animation.Clock
  langs:
  - csharp
  name: NaturalDuration
  nameWithType: Clock.NaturalDuration
  fullName: System.Windows.Media.Animation.Clock.NaturalDuration
  type: Property
  assemblies:
  - PresentationCore
  namespace: System.Windows.Media.Animation
  summary: "Gets the natural duration of this clock&quot;s <xref:System.Windows.Media.Animation.Clock.Timeline*>."
  remarks: "For more information about natural duration, see the <xref:System.Windows.Media.Animation.Timeline.GetNaturalDuration%2A?displayProperty=fullName> method."
  syntax:
    content: public System.Windows.Duration NaturalDuration { get; }
    return:
      type: System.Windows.Duration
      description: "The natural duration of this clock, as determined by its <xref:System.Windows.Media.Animation.Clock.Timeline*>."
  overload: System.Windows.Media.Animation.Clock.NaturalDuration*
  exceptions: []
  platform:
  - net462
- uid: System.Windows.Media.Animation.Clock.Parent
  id: Parent
  parent: System.Windows.Media.Animation.Clock
  langs:
  - csharp
  name: Parent
  nameWithType: Clock.Parent
  fullName: System.Windows.Media.Animation.Clock.Parent
  type: Property
  assemblies:
  - PresentationCore
  namespace: System.Windows.Media.Animation
  summary: "Gets the clock that is the parent of this clock."
  syntax:
    content: public System.Windows.Media.Animation.Clock Parent { get; }
    return:
      type: System.Windows.Media.Animation.Clock
      description: "The parent of this clock or <xref uid=&quot;langword_csharp_null&quot; name=&quot;null&quot; href=&quot;&quot;></xref> if this clock is a root."
  overload: System.Windows.Media.Animation.Clock.Parent*
  exceptions: []
  platform:
  - net462
- uid: System.Windows.Media.Animation.Clock.RemoveRequested
  id: RemoveRequested
  parent: System.Windows.Media.Animation.Clock
  langs:
  - csharp
  name: RemoveRequested
  nameWithType: Clock.RemoveRequested
  fullName: System.Windows.Media.Animation.Clock.RemoveRequested
  type: Event
  assemblies:
  - PresentationCore
  namespace: System.Windows.Media.Animation
  summary: "Occurs when the <xref:System.Windows.Media.Animation.ClockController.Remove*> method is called on this <xref href=&quot;System.Windows.Media.Animation.Clock&quot;></xref> or one of its parent clocks."
  syntax:
    content: public event EventHandler RemoveRequested;
    return:
      type: System.EventHandler
      description: "To be added."
  exceptions: []
  platform:
  - net462
- uid: System.Windows.Media.Animation.Clock.SpeedChanged
  id: SpeedChanged
  parent: System.Windows.Media.Animation.Clock
  langs:
  - csharp
  name: SpeedChanged()
  nameWithType: Clock.SpeedChanged()
  fullName: System.Windows.Media.Animation.Clock.SpeedChanged()
  type: Method
  assemblies:
  - PresentationCore
  namespace: System.Windows.Media.Animation
  summary: "When implemented in a derived class, will be invoked whenever a clock begins, skips, pauses, resumes, or when the clock&quot;s <xref:System.Windows.Media.Animation.ClockController.SpeedRatio*> is modified."
  syntax:
    content: protected virtual void SpeedChanged ();
    parameters: []
  overload: System.Windows.Media.Animation.Clock.SpeedChanged*
  exceptions: []
  platform:
  - net462
- uid: System.Windows.Media.Animation.Clock.Stopped
  id: Stopped
  parent: System.Windows.Media.Animation.Clock
  langs:
  - csharp
  name: Stopped()
  nameWithType: Clock.Stopped()
  fullName: System.Windows.Media.Animation.Clock.Stopped()
  type: Method
  assemblies:
  - PresentationCore
  namespace: System.Windows.Media.Animation
  summary: "When implemented in a derived class, will be invoked whenever a clock is stopped using the <xref:System.Windows.Media.Animation.ClockController.Stop*> method."
  syntax:
    content: protected virtual void Stopped ();
    parameters: []
  overload: System.Windows.Media.Animation.Clock.Stopped*
  exceptions: []
  platform:
  - net462
- uid: System.Windows.Media.Animation.Clock.Timeline
  id: Timeline
  parent: System.Windows.Media.Animation.Clock
  langs:
  - csharp
  name: Timeline
  nameWithType: Clock.Timeline
  fullName: System.Windows.Media.Animation.Clock.Timeline
  type: Property
  assemblies:
  - PresentationCore
  namespace: System.Windows.Media.Animation
  summary: "Gets the Timeline from which this <xref href=&quot;System.Windows.Media.Animation.Clock&quot;></xref> was created."
  remarks: "Modifying a clock&quot;s <xref:System.Windows.Media.MediaTimeline> does not update the clock; a new clock must be created from the modified <xref:System.Windows.Media.Animation.Timeline>."
  syntax:
    content: public System.Windows.Media.Animation.Timeline Timeline { get; }
    return:
      type: System.Windows.Media.Animation.Timeline
      description: "The Timeline from which this <xref href=&quot;System.Windows.Media.Animation.Clock&quot;></xref> was created."
  overload: System.Windows.Media.Animation.Clock.Timeline*
  exceptions: []
  platform:
  - net462
references:
- uid: System.Windows.Threading.DispatcherObject
  isExternal: false
  name: System.Windows.Threading.DispatcherObject
- uid: System.Windows.Media.Animation.Clock.#ctor(System.Windows.Media.Animation.Timeline)
  parent: System.Windows.Media.Animation.Clock
  isExternal: false
  name: Clock(Timeline)
  nameWithType: Clock.Clock(Timeline)
  fullName: System.Windows.Media.Animation.Clock.Clock(Timeline)
- uid: System.Windows.Media.Animation.Timeline
  parent: System.Windows.Media.Animation
  isExternal: false
  name: Timeline
  nameWithType: Timeline
  fullName: System.Windows.Media.Animation.Timeline
- uid: System.Windows.Media.Animation.Clock.Completed
  parent: System.Windows.Media.Animation.Clock
  isExternal: false
  name: Completed
  nameWithType: Clock.Completed
  fullName: System.Windows.Media.Animation.Clock.Completed
- uid: System.EventHandler
  parent: System
  isExternal: true
  name: EventHandler
  nameWithType: EventHandler
  fullName: System.EventHandler
- uid: System.Windows.Media.Animation.Clock.Controller
  parent: System.Windows.Media.Animation.Clock
  isExternal: false
  name: Controller
  nameWithType: Clock.Controller
  fullName: System.Windows.Media.Animation.Clock.Controller
- uid: System.Windows.Media.Animation.ClockController
  parent: System.Windows.Media.Animation
  isExternal: false
  name: ClockController
  nameWithType: ClockController
  fullName: System.Windows.Media.Animation.ClockController
- uid: System.Windows.Media.Animation.Clock.CurrentGlobalSpeed
  parent: System.Windows.Media.Animation.Clock
  isExternal: false
  name: CurrentGlobalSpeed
  nameWithType: Clock.CurrentGlobalSpeed
  fullName: System.Windows.Media.Animation.Clock.CurrentGlobalSpeed
- uid: System.Nullable{System.Double}
  parent: System
  isExternal: true
  name: Nullable<Double>
  nameWithType: Nullable<Double>
  fullName: System.Nullable<System.Double>
  spec.csharp:
  - uid: System.Nullable`1
    name: Nullable
    nameWithType: Nullable
    fullName: Nullable<System.Double>
  - name: <
    nameWithType: <
    fullName: <
  - uid: System.Double
    name: Double
    nameWithType: Double
    fullName: Double
  - name: '>'
    nameWithType: '>'
    fullName: '>'
- uid: System.Windows.Media.Animation.Clock.CurrentGlobalSpeedInvalidated
  parent: System.Windows.Media.Animation.Clock
  isExternal: false
  name: CurrentGlobalSpeedInvalidated
  nameWithType: Clock.CurrentGlobalSpeedInvalidated
  fullName: System.Windows.Media.Animation.Clock.CurrentGlobalSpeedInvalidated
- uid: System.Windows.Media.Animation.Clock.CurrentGlobalTime
  parent: System.Windows.Media.Animation.Clock
  isExternal: false
  name: CurrentGlobalTime
  nameWithType: Clock.CurrentGlobalTime
  fullName: System.Windows.Media.Animation.Clock.CurrentGlobalTime
- uid: System.TimeSpan
  parent: System
  isExternal: true
  name: TimeSpan
  nameWithType: TimeSpan
  fullName: System.TimeSpan
- uid: System.Windows.Media.Animation.Clock.CurrentIteration
  parent: System.Windows.Media.Animation.Clock
  isExternal: false
  name: CurrentIteration
  nameWithType: Clock.CurrentIteration
  fullName: System.Windows.Media.Animation.Clock.CurrentIteration
- uid: System.Nullable{System.Int32}
  parent: System
  isExternal: true
  name: Nullable<Int32>
  nameWithType: Nullable<Int32>
  fullName: System.Nullable<System.Int32>
  spec.csharp:
  - uid: System.Nullable`1
    name: Nullable
    nameWithType: Nullable
    fullName: Nullable<System.Int32>
  - name: <
    nameWithType: <
    fullName: <
  - uid: System.Int32
    name: Int32
    nameWithType: Int32
    fullName: Int32
  - name: '>'
    nameWithType: '>'
    fullName: '>'
- uid: System.Windows.Media.Animation.Clock.CurrentProgress
  parent: System.Windows.Media.Animation.Clock
  isExternal: false
  name: CurrentProgress
  nameWithType: Clock.CurrentProgress
  fullName: System.Windows.Media.Animation.Clock.CurrentProgress
- uid: System.Windows.Media.Animation.Clock.CurrentState
  parent: System.Windows.Media.Animation.Clock
  isExternal: false
  name: CurrentState
  nameWithType: Clock.CurrentState
  fullName: System.Windows.Media.Animation.Clock.CurrentState
- uid: System.Windows.Media.Animation.ClockState
  parent: System.Windows.Media.Animation
  isExternal: false
  name: ClockState
  nameWithType: ClockState
  fullName: System.Windows.Media.Animation.ClockState
- uid: System.Windows.Media.Animation.Clock.CurrentStateInvalidated
  parent: System.Windows.Media.Animation.Clock
  isExternal: false
  name: CurrentStateInvalidated
  nameWithType: Clock.CurrentStateInvalidated
  fullName: System.Windows.Media.Animation.Clock.CurrentStateInvalidated
- uid: System.Windows.Media.Animation.Clock.CurrentTime
  parent: System.Windows.Media.Animation.Clock
  isExternal: false
  name: CurrentTime
  nameWithType: Clock.CurrentTime
  fullName: System.Windows.Media.Animation.Clock.CurrentTime
- uid: System.Nullable{System.TimeSpan}
  parent: System
  isExternal: true
  name: Nullable<TimeSpan>
  nameWithType: Nullable<TimeSpan>
  fullName: System.Nullable<System.TimeSpan>
  spec.csharp:
  - uid: System.Nullable`1
    name: Nullable
    nameWithType: Nullable
    fullName: Nullable<System.TimeSpan>
  - name: <
    nameWithType: <
    fullName: <
  - uid: System.TimeSpan
    name: TimeSpan
    nameWithType: TimeSpan
    fullName: TimeSpan
  - name: '>'
    nameWithType: '>'
    fullName: '>'
- uid: System.Windows.Media.Animation.Clock.CurrentTimeInvalidated
  parent: System.Windows.Media.Animation.Clock
  isExternal: false
  name: CurrentTimeInvalidated
  nameWithType: Clock.CurrentTimeInvalidated
  fullName: System.Windows.Media.Animation.Clock.CurrentTimeInvalidated
- uid: System.Windows.Media.Animation.Clock.DiscontinuousTimeMovement
  parent: System.Windows.Media.Animation.Clock
  isExternal: false
  name: DiscontinuousTimeMovement()
  nameWithType: Clock.DiscontinuousTimeMovement()
  fullName: System.Windows.Media.Animation.Clock.DiscontinuousTimeMovement()
- uid: System.Windows.Media.Animation.Clock.GetCanSlip
  parent: System.Windows.Media.Animation.Clock
  isExternal: false
  name: GetCanSlip()
  nameWithType: Clock.GetCanSlip()
  fullName: System.Windows.Media.Animation.Clock.GetCanSlip()
- uid: System.Boolean
  parent: System
  isExternal: true
  name: Boolean
  nameWithType: Boolean
  fullName: System.Boolean
- uid: System.Windows.Media.Animation.Clock.GetCurrentTimeCore
  parent: System.Windows.Media.Animation.Clock
  isExternal: false
  name: GetCurrentTimeCore()
  nameWithType: Clock.GetCurrentTimeCore()
  fullName: System.Windows.Media.Animation.Clock.GetCurrentTimeCore()
- uid: System.Windows.Media.Animation.Clock.HasControllableRoot
  parent: System.Windows.Media.Animation.Clock
  isExternal: false
  name: HasControllableRoot
  nameWithType: Clock.HasControllableRoot
  fullName: System.Windows.Media.Animation.Clock.HasControllableRoot
- uid: System.Windows.Media.Animation.Clock.IsPaused
  parent: System.Windows.Media.Animation.Clock
  isExternal: false
  name: IsPaused
  nameWithType: Clock.IsPaused
  fullName: System.Windows.Media.Animation.Clock.IsPaused
- uid: System.Windows.Media.Animation.Clock.NaturalDuration
  parent: System.Windows.Media.Animation.Clock
  isExternal: false
  name: NaturalDuration
  nameWithType: Clock.NaturalDuration
  fullName: System.Windows.Media.Animation.Clock.NaturalDuration
- uid: System.Windows.Duration
  parent: System.Windows
  isExternal: false
  name: Duration
  nameWithType: Duration
  fullName: System.Windows.Duration
- uid: System.Windows.Media.Animation.Clock.Parent
  parent: System.Windows.Media.Animation.Clock
  isExternal: false
  name: Parent
  nameWithType: Clock.Parent
  fullName: System.Windows.Media.Animation.Clock.Parent
- uid: System.Windows.Media.Animation.Clock
  parent: System.Windows.Media.Animation
  isExternal: false
  name: Clock
  nameWithType: Clock
  fullName: System.Windows.Media.Animation.Clock
- uid: System.Windows.Media.Animation.Clock.RemoveRequested
  parent: System.Windows.Media.Animation.Clock
  isExternal: false
  name: RemoveRequested
  nameWithType: Clock.RemoveRequested
  fullName: System.Windows.Media.Animation.Clock.RemoveRequested
- uid: System.Windows.Media.Animation.Clock.SpeedChanged
  parent: System.Windows.Media.Animation.Clock
  isExternal: false
  name: SpeedChanged()
  nameWithType: Clock.SpeedChanged()
  fullName: System.Windows.Media.Animation.Clock.SpeedChanged()
- uid: System.Windows.Media.Animation.Clock.Stopped
  parent: System.Windows.Media.Animation.Clock
  isExternal: false
  name: Stopped()
  nameWithType: Clock.Stopped()
  fullName: System.Windows.Media.Animation.Clock.Stopped()
- uid: System.Windows.Media.Animation.Clock.Timeline
  parent: System.Windows.Media.Animation.Clock
  isExternal: false
  name: Timeline
  nameWithType: Clock.Timeline
  fullName: System.Windows.Media.Animation.Clock.Timeline
- uid: System.Windows.Media.Animation.Clock.#ctor*
  parent: System.Windows.Media.Animation.Clock
  isExternal: false
  name: Clock
  nameWithType: Clock.Clock
- uid: System.Windows.Media.Animation.Clock.Controller*
  parent: System.Windows.Media.Animation.Clock
  isExternal: false
  name: Controller
  nameWithType: Clock.Controller
- uid: System.Windows.Media.Animation.Clock.CurrentGlobalSpeed*
  parent: System.Windows.Media.Animation.Clock
  isExternal: false
  name: CurrentGlobalSpeed
  nameWithType: Clock.CurrentGlobalSpeed
- uid: System.Windows.Media.Animation.Clock.CurrentGlobalTime*
  parent: System.Windows.Media.Animation.Clock
  isExternal: false
  name: CurrentGlobalTime
  nameWithType: Clock.CurrentGlobalTime
- uid: System.Windows.Media.Animation.Clock.CurrentIteration*
  parent: System.Windows.Media.Animation.Clock
  isExternal: false
  name: CurrentIteration
  nameWithType: Clock.CurrentIteration
- uid: System.Windows.Media.Animation.Clock.CurrentProgress*
  parent: System.Windows.Media.Animation.Clock
  isExternal: false
  name: CurrentProgress
  nameWithType: Clock.CurrentProgress
- uid: System.Windows.Media.Animation.Clock.CurrentState*
  parent: System.Windows.Media.Animation.Clock
  isExternal: false
  name: CurrentState
  nameWithType: Clock.CurrentState
- uid: System.Windows.Media.Animation.Clock.CurrentTime*
  parent: System.Windows.Media.Animation.Clock
  isExternal: false
  name: CurrentTime
  nameWithType: Clock.CurrentTime
- uid: System.Windows.Media.Animation.Clock.DiscontinuousTimeMovement*
  parent: System.Windows.Media.Animation.Clock
  isExternal: false
  name: DiscontinuousTimeMovement
  nameWithType: Clock.DiscontinuousTimeMovement
- uid: System.Windows.Media.Animation.Clock.GetCanSlip*
  parent: System.Windows.Media.Animation.Clock
  isExternal: false
  name: GetCanSlip
  nameWithType: Clock.GetCanSlip
- uid: System.Windows.Media.Animation.Clock.GetCurrentTimeCore*
  parent: System.Windows.Media.Animation.Clock
  isExternal: false
  name: GetCurrentTimeCore
  nameWithType: Clock.GetCurrentTimeCore
- uid: System.Windows.Media.Animation.Clock.HasControllableRoot*
  parent: System.Windows.Media.Animation.Clock
  isExternal: false
  name: HasControllableRoot
  nameWithType: Clock.HasControllableRoot
- uid: System.Windows.Media.Animation.Clock.IsPaused*
  parent: System.Windows.Media.Animation.Clock
  isExternal: false
  name: IsPaused
  nameWithType: Clock.IsPaused
- uid: System.Windows.Media.Animation.Clock.NaturalDuration*
  parent: System.Windows.Media.Animation.Clock
  isExternal: false
  name: NaturalDuration
  nameWithType: Clock.NaturalDuration
- uid: System.Windows.Media.Animation.Clock.Parent*
  parent: System.Windows.Media.Animation.Clock
  isExternal: false
  name: Parent
  nameWithType: Clock.Parent
- uid: System.Windows.Media.Animation.Clock.SpeedChanged*
  parent: System.Windows.Media.Animation.Clock
  isExternal: false
  name: SpeedChanged
  nameWithType: Clock.SpeedChanged
- uid: System.Windows.Media.Animation.Clock.Stopped*
  parent: System.Windows.Media.Animation.Clock
  isExternal: false
  name: Stopped
  nameWithType: Clock.Stopped
- uid: System.Windows.Media.Animation.Clock.Timeline*
  parent: System.Windows.Media.Animation.Clock
  isExternal: false
  name: Timeline
  nameWithType: Clock.Timeline
