### YamlMime:ManagedReference
items:
- uid: System.Windows.Media.MediaClock
  id: MediaClock
  children:
  - System.Windows.Media.MediaClock.#ctor(System.Windows.Media.MediaTimeline)
  - System.Windows.Media.MediaClock.DiscontinuousTimeMovement
  - System.Windows.Media.MediaClock.GetCanSlip
  - System.Windows.Media.MediaClock.GetCurrentTimeCore
  - System.Windows.Media.MediaClock.SpeedChanged
  - System.Windows.Media.MediaClock.Stopped
  - System.Windows.Media.MediaClock.Timeline
  langs:
  - csharp
  name: MediaClock
  nameWithType: MediaClock
  fullName: System.Windows.Media.MediaClock
  type: Class
  summary: "Maintains the timing state for media through a <see cref=&quot;T:System.Windows.Media.MediaTimeline&quot;></see>."
  syntax:
    content: 'public class MediaClock : System.Windows.Media.Animation.Clock'
  inheritance:
  - System.Object
  - System.Windows.Threading.DispatcherObject
  - System.Windows.Media.Animation.Clock
  implements: []
  inheritedMembers:
  - System.Windows.Media.Animation.Clock.Completed
  - System.Windows.Media.Animation.Clock.Controller
  - System.Windows.Media.Animation.Clock.CurrentGlobalSpeed
  - System.Windows.Media.Animation.Clock.CurrentGlobalSpeedInvalidated
  - System.Windows.Media.Animation.Clock.CurrentGlobalTime
  - System.Windows.Media.Animation.Clock.CurrentIteration
  - System.Windows.Media.Animation.Clock.CurrentProgress
  - System.Windows.Media.Animation.Clock.CurrentState
  - System.Windows.Media.Animation.Clock.CurrentStateInvalidated
  - System.Windows.Media.Animation.Clock.CurrentTime
  - System.Windows.Media.Animation.Clock.CurrentTimeInvalidated
  - System.Windows.Media.Animation.Clock.HasControllableRoot
  - System.Windows.Media.Animation.Clock.IsPaused
  - System.Windows.Media.Animation.Clock.NaturalDuration
  - System.Windows.Media.Animation.Clock.Parent
  - System.Windows.Media.Animation.Clock.RemoveRequested
  - System.Windows.Threading.DispatcherObject.CheckAccess
  - System.Windows.Threading.DispatcherObject.Dispatcher
  - System.Windows.Threading.DispatcherObject.VerifyAccess
  platform:
  - net-11
  - net-20
  - netcore-10
- uid: System.Windows.Media.MediaClock.#ctor(System.Windows.Media.MediaTimeline)
  id: '#ctor(System.Windows.Media.MediaTimeline)'
  parent: System.Windows.Media.MediaClock
  langs:
  - csharp
  name: MediaClock(MediaTimeline)
  nameWithType: MediaClock.MediaClock(MediaTimeline)
  fullName: System.Windows.Media.MediaClock.MediaClock(MediaTimeline)
  type: Constructor
  assemblies:
  - PresentationCore
  namespace: System.Windows.Media
  summary: "Initializes a new instance of the <see cref=&quot;T:System.Windows.Media.MediaClock&quot;></see> class."
  syntax:
    content: protected MediaClock (System.Windows.Media.MediaTimeline media);
    parameters:
    - id: media
      type: System.Windows.Media.MediaTimeline
      description: "The timeline to use as a template for the media clock."
  overload: System.Windows.Media.MediaClock.#ctor*
  exceptions: []
  platform:
  - net-11
  - net-20
  - netcore-10
- uid: System.Windows.Media.MediaClock.DiscontinuousTimeMovement
  id: DiscontinuousTimeMovement
  parent: System.Windows.Media.MediaClock
  langs:
  - csharp
  name: DiscontinuousTimeMovement()
  nameWithType: MediaClock.DiscontinuousTimeMovement()
  fullName: System.Windows.Media.MediaClock.DiscontinuousTimeMovement()
  type: Method
  assemblies:
  - PresentationCore
  namespace: System.Windows.Media
  summary: "Invoked when movement is discontinues."
  syntax:
    content: protected override void DiscontinuousTimeMovement ();
    parameters: []
  overload: System.Windows.Media.MediaClock.DiscontinuousTimeMovement*
  exceptions: []
  platform:
  - net-11
  - net-20
  - netcore-10
- uid: System.Windows.Media.MediaClock.GetCanSlip
  id: GetCanSlip
  parent: System.Windows.Media.MediaClock
  langs:
  - csharp
  name: GetCanSlip()
  nameWithType: MediaClock.GetCanSlip()
  fullName: System.Windows.Media.MediaClock.GetCanSlip()
  type: Method
  assemblies:
  - PresentationCore
  namespace: System.Windows.Media
  summary: "Retrieves a value that indicates whether the media clock can slip."
  syntax:
    content: protected override bool GetCanSlip ();
    parameters: []
    return:
      type: System.Boolean
      description: "To be added."
  overload: System.Windows.Media.MediaClock.GetCanSlip*
  exceptions: []
  platform:
  - net-11
  - net-20
  - netcore-10
- uid: System.Windows.Media.MediaClock.GetCurrentTimeCore
  id: GetCurrentTimeCore
  parent: System.Windows.Media.MediaClock
  langs:
  - csharp
  name: GetCurrentTimeCore()
  nameWithType: MediaClock.GetCurrentTimeCore()
  fullName: System.Windows.Media.MediaClock.GetCurrentTimeCore()
  type: Method
  assemblies:
  - PresentationCore
  namespace: System.Windows.Media
  summary: "Retrieves a value that identifies the actual media time. This value can be used for slip synchronization."
  syntax:
    content: protected override TimeSpan GetCurrentTimeCore ();
    parameters: []
    return:
      type: System.TimeSpan
      description: "To be added."
  overload: System.Windows.Media.MediaClock.GetCurrentTimeCore*
  exceptions: []
  platform:
  - net-11
  - net-20
  - netcore-10
- uid: System.Windows.Media.MediaClock.SpeedChanged
  id: SpeedChanged
  parent: System.Windows.Media.MediaClock
  langs:
  - csharp
  name: SpeedChanged()
  nameWithType: MediaClock.SpeedChanged()
  fullName: System.Windows.Media.MediaClock.SpeedChanged()
  type: Method
  assemblies:
  - PresentationCore
  namespace: System.Windows.Media
  summary: "Invoked when the clock speed has changed."
  syntax:
    content: protected override void SpeedChanged ();
    parameters: []
  overload: System.Windows.Media.MediaClock.SpeedChanged*
  exceptions: []
  platform:
  - net-11
  - net-20
  - netcore-10
- uid: System.Windows.Media.MediaClock.Stopped
  id: Stopped
  parent: System.Windows.Media.MediaClock
  langs:
  - csharp
  name: Stopped()
  nameWithType: MediaClock.Stopped()
  fullName: System.Windows.Media.MediaClock.Stopped()
  type: Method
  assemblies:
  - PresentationCore
  namespace: System.Windows.Media
  summary: "Invoked when the clock is stopped."
  syntax:
    content: protected override void Stopped ();
    parameters: []
  overload: System.Windows.Media.MediaClock.Stopped*
  exceptions: []
  platform:
  - net-11
  - net-20
  - netcore-10
- uid: System.Windows.Media.MediaClock.Timeline
  id: Timeline
  parent: System.Windows.Media.MediaClock
  langs:
  - csharp
  name: Timeline
  nameWithType: MediaClock.Timeline
  fullName: System.Windows.Media.MediaClock.Timeline
  type: Property
  assemblies:
  - PresentationCore
  namespace: System.Windows.Media
  summary: "Gets the <see cref=&quot;T:System.Windows.Media.MediaTimeline&quot;></see> that describes the controlling behavior of the clock."
  syntax:
    content: public System.Windows.Media.MediaTimeline Timeline { get; }
    return:
      type: System.Windows.Media.MediaTimeline
      description: "The <see cref=&quot;T:System.Windows.Media.MediaTimeline&quot;></see> that describes the controlling behavior of the clock."
  overload: System.Windows.Media.MediaClock.Timeline*
  exceptions: []
  platform:
  - net-11
  - net-20
  - netcore-10
references:
- uid: System.Windows.Media.Animation.Clock
  isExternal: false
  name: System.Windows.Media.Animation.Clock
- uid: System.Windows.Media.MediaClock.#ctor(System.Windows.Media.MediaTimeline)
  parent: System.Windows.Media.MediaClock
  isExternal: false
  name: MediaClock(MediaTimeline)
  nameWithType: MediaClock.MediaClock(MediaTimeline)
  fullName: System.Windows.Media.MediaClock.MediaClock(MediaTimeline)
- uid: System.Windows.Media.MediaTimeline
  parent: System.Windows.Media
  isExternal: false
  name: MediaTimeline
  nameWithType: MediaTimeline
  fullName: System.Windows.Media.MediaTimeline
- uid: System.Windows.Media.MediaClock.DiscontinuousTimeMovement
  parent: System.Windows.Media.MediaClock
  isExternal: false
  name: DiscontinuousTimeMovement()
  nameWithType: MediaClock.DiscontinuousTimeMovement()
  fullName: System.Windows.Media.MediaClock.DiscontinuousTimeMovement()
- uid: System.Windows.Media.MediaClock.GetCanSlip
  parent: System.Windows.Media.MediaClock
  isExternal: false
  name: GetCanSlip()
  nameWithType: MediaClock.GetCanSlip()
  fullName: System.Windows.Media.MediaClock.GetCanSlip()
- uid: System.Boolean
  parent: System
  isExternal: true
  name: Boolean
  nameWithType: Boolean
  fullName: System.Boolean
- uid: System.Windows.Media.MediaClock.GetCurrentTimeCore
  parent: System.Windows.Media.MediaClock
  isExternal: false
  name: GetCurrentTimeCore()
  nameWithType: MediaClock.GetCurrentTimeCore()
  fullName: System.Windows.Media.MediaClock.GetCurrentTimeCore()
- uid: System.TimeSpan
  parent: System
  isExternal: true
  name: TimeSpan
  nameWithType: TimeSpan
  fullName: System.TimeSpan
- uid: System.Windows.Media.MediaClock.SpeedChanged
  parent: System.Windows.Media.MediaClock
  isExternal: false
  name: SpeedChanged()
  nameWithType: MediaClock.SpeedChanged()
  fullName: System.Windows.Media.MediaClock.SpeedChanged()
- uid: System.Windows.Media.MediaClock.Stopped
  parent: System.Windows.Media.MediaClock
  isExternal: false
  name: Stopped()
  nameWithType: MediaClock.Stopped()
  fullName: System.Windows.Media.MediaClock.Stopped()
- uid: System.Windows.Media.MediaClock.Timeline
  parent: System.Windows.Media.MediaClock
  isExternal: false
  name: Timeline
  nameWithType: MediaClock.Timeline
  fullName: System.Windows.Media.MediaClock.Timeline
- uid: System.Windows.Media.MediaClock.#ctor*
  parent: System.Windows.Media.MediaClock
  isExternal: false
  name: MediaClock
  nameWithType: MediaClock.MediaClock
- uid: System.Windows.Media.MediaClock.DiscontinuousTimeMovement*
  parent: System.Windows.Media.MediaClock
  isExternal: false
  name: DiscontinuousTimeMovement
  nameWithType: MediaClock.DiscontinuousTimeMovement
- uid: System.Windows.Media.MediaClock.GetCanSlip*
  parent: System.Windows.Media.MediaClock
  isExternal: false
  name: GetCanSlip
  nameWithType: MediaClock.GetCanSlip
- uid: System.Windows.Media.MediaClock.GetCurrentTimeCore*
  parent: System.Windows.Media.MediaClock
  isExternal: false
  name: GetCurrentTimeCore
  nameWithType: MediaClock.GetCurrentTimeCore
- uid: System.Windows.Media.MediaClock.SpeedChanged*
  parent: System.Windows.Media.MediaClock
  isExternal: false
  name: SpeedChanged
  nameWithType: MediaClock.SpeedChanged
- uid: System.Windows.Media.MediaClock.Stopped*
  parent: System.Windows.Media.MediaClock
  isExternal: false
  name: Stopped
  nameWithType: MediaClock.Stopped
- uid: System.Windows.Media.MediaClock.Timeline*
  parent: System.Windows.Media.MediaClock
  isExternal: false
  name: Timeline
  nameWithType: MediaClock.Timeline
